
Microsoft Visual Studio Solution File, Format Version 12.00
# Visual Studio Version 17
VisualStudioVersion = 17.2.32505.173
MinimumVisualStudioVersion = 10.0.40219.1
Project("{9A19103F-16F7-4668-BE54-9A1E7A4F7556}") = "ZeroToHero.DatabaseFirst", "ZeroToHero.DatabaseFirst\ZeroToHero.DatabaseFirst.csproj", "{D06305A3-04DC-43B0-93BD-91701DCFA203}"
EndProject
Project("{9A19103F-16F7-4668-BE54-9A1E7A4F7556}") = "ZeroToHero.DatabaseFirstByScaffold", "ZeroToHero.DatabaseFirstByScaffold\ZeroToHero.DatabaseFirstByScaffold.csproj", "{E3215309-C093-4DC3-85D5-05BFB9305DD7}"
EndProject
Project("{9A19103F-16F7-4668-BE54-9A1E7A4F7556}") = "ZeroToHero.CodeFirst", "ZeroToHero.CodeFirst\ZeroToHero.CodeFirst.csproj", "{83C2479F-8D06-44BE-83F8-85E61210462B}"
EndProject
Project("{2150E333-8FDC-42A3-9474-1A3956D46DE8}") = "Scripts", "Scripts", "{C0A32029-1977-4BBA-93FD-4649AC9A7641}"
	ProjectSection(SolutionItems) = preProject
		Ef core scripts.txt = Ef core scripts.txt
		View table sql script.txt = View table sql script.txt
		store procedure scripts.txt = store procedure scripts.txt
		function scripts.txt = function scripts.txt
	EndProjectSection
EndProject
Global
	GlobalSection(SolutionConfigurationPlatforms) = preSolution
		Debug|Any CPU = Debug|Any CPU
		Release|Any CPU = Release|Any CPU
	EndGlobalSection
	GlobalSection(ProjectConfigurationPlatforms) = postSolution
		{D06305A3-04DC-43B0-93BD-91701DCFA203}.Debug|Any CPU.ActiveCfg = Debug|Any CPU
		{D06305A3-04DC-43B0-93BD-91701DCFA203}.Debug|Any CPU.Build.0 = Debug|Any CPU
		{D06305A3-04DC-43B0-93BD-91701DCFA203}.Release|Any CPU.ActiveCfg = Release|Any CPU
		{D06305A3-04DC-43B0-93BD-91701DCFA203}.Release|Any CPU.Build.0 = Release|Any CPU
		{E3215309-C093-4DC3-85D5-05BFB9305DD7}.Debug|Any CPU.ActiveCfg = Debug|Any CPU
		{E3215309-C093-4DC3-85D5-05BFB9305DD7}.Debug|Any CPU.Build.0 = Debug|Any CPU
		{E3215309-C093-4DC3-85D5-05BFB9305DD7}.Release|Any CPU.ActiveCfg = Release|Any CPU
		{E3215309-C093-4DC3-85D5-05BFB9305DD7}.Release|Any CPU.Build.0 = Release|Any CPU
		{83C2479F-8D06-44BE-83F8-85E61210462B}.Debug|Any CPU.ActiveCfg = Debug|Any CPU
		{83C2479F-8D06-44BE-83F8-85E61210462B}.Debug|Any CPU.Build.0 = Debug|Any CPU
		{83C2479F-8D06-44BE-83F8-85E61210462B}.Release|Any CPU.ActiveCfg = Release|Any CPU
		{83C2479F-8D06-44BE-83F8-85E61210462B}.Release|Any CPU.Build.0 = Release|Any CPU
	EndGlobalSection
	GlobalSection(SolutionProperties) = preSolution
		HideSolutionNode = FALSE
	EndGlobalSection
	GlobalSection(ExtensibilityGlobals) = postSolution
		SolutionGuid = {5C692C6A-BA65-44A5-8FFA-F4BC008354D9}
	EndGlobalSection
EndGlobal
